
Microsoft Visual Studio Solution File, Format Version 12.00
# Visual Studio Version 17
VisualStudioVersion = 17.4.33403.182
MinimumVisualStudioVersion = 10.0.40219.1
Project("{FAE04EC0-301F-11D3-BF4B-00C04F79EFBC}") = "ToDoListBlazorWebAssembly", "ToDoListBlazorWebAssembly\ToDoListBlazorWebAssembly.csproj", "{CBF9E2DD-884E-4B5C-B49D-883FED5FED3E}"
EndProject
Global
	GlobalSection(SolutionConfigurationPlatforms) = preSolution
		Debug|Any CPU = Debug|Any CPU
		Release|Any CPU = Release|Any CPU
	EndGlobalSection
	GlobalSection(ProjectConfigurationPlatforms) = postSolution
		{CBF9E2DD-884E-4B5C-B49D-883FED5FED3E}.Debug|Any CPU.ActiveCfg = Debug|Any CPU
		{CBF9E2DD-884E-4B5C-B49D-883FED5FED3E}.Debug|Any CPU.Build.0 = Debug|Any CPU
		{CBF9E2DD-884E-4B5C-B49D-883FED5FED3E}.Release|Any CPU.ActiveCfg = Release|Any CPU
		{CBF9E2DD-884E-4B5C-B49D-883FED5FED3E}.Release|Any CPU.Build.0 = Release|Any CPU
	EndGlobalSection
	GlobalSection(SolutionProperties) = preSolution
		HideSolutionNode = FALSE
	EndGlobalSection
	GlobalSection(ExtensibilityGlobals) = postSolution
		SolutionGuid = {D5BF59E5-2000-4537-A2D5-EEB2E8A2DC98}
	EndGlobalSection
EndGlobal
